// !$*UTF8*$!
{
	archiveVersion = 1;
	classes = {
	};
	objectVersion = 50;
	objects = {

/* Begin PBXBuildFile section */
		F8A80B9825EF1635007F8957 /* AppDelegate.swift in Sources */ = {isa = PBXBuildFile; fileRef = F8A80B9725EF1635007F8957 /* AppDelegate.swift */; };
		F8A80B9A25EF1635007F8957 /* SceneDelegate.swift in Sources */ = {isa = PBXBuildFile; fileRef = F8A80B9925EF1635007F8957 /* SceneDelegate.swift */; };
		F8A80B9C25EF1635007F8957 /* ViewController.swift in Sources */ = {isa = PBXBuildFile; fileRef = F8A80B9B25EF1635007F8957 /* ViewController.swift */; };
		F8A80B9F25EF1635007F8957 /* Main.storyboard in Resources */ = {isa = PBXBuildFile; fileRef = F8A80B9D25EF1635007F8957 /* Main.storyboard */; };
		F8A80BA125EF1639007F8957 /* Assets.xcassets in Resources */ = {isa = PBXBuildFile; fileRef = F8A80BA025EF1639007F8957 /* Assets.xcassets */; };
		F8A80BA425EF1639007F8957 /* LaunchScreen.storyboard in Resources */ = {isa = PBXBuildFile; fileRef = F8A80BA225EF1639007F8957 /* LaunchScreen.storyboard */; };
		F8A80BAF25EF163A007F8957 /* ParstagramTests.swift in Sources */ = {isa = PBXBuildFile; fileRef = F8A80BAE25EF163A007F8957 /* ParstagramTests.swift */; };
		F8A80BBA25EF163A007F8957 /* ParstagramUITests.swift in Sources */ = {isa = PBXBuildFile; fileRef = F8A80BB925EF163A007F8957 /* ParstagramUITests.swift */; };
/* End PBXBuildFile section */

/* Begin PBXContainerItemProxy section */
		F8A80BAB25EF163A007F8957 /* PBXContainerItemProxy */ = {
			isa = PBXContainerItemProxy;
			containerPortal = F8A80B8C25EF1635007F8957 /* Project object */;
			proxyType = 1;
			remoteGlobalIDString = F8A80B9325EF1635007F8957;
			remoteInfo = Parstagram;
		};
		F8A80BB625EF163A007F8957 /* PBXContainerItemProxy */ = {
			isa = PBXContainerItemProxy;
			containerPortal = F8A80B8C25EF1635007F8957 /* Project object */;
			proxyType = 1;
			remoteGlobalIDString = F8A80B9325EF1635007F8957;
			remoteInfo = Parstagram;
		};
/* End PBXContainerItemProxy section */

/* Begin PBXFileReference section */
		F8A80B9425EF1635007F8957 /* Parstagram.app */ = {isa = PBXFileReference; explicitFileType = wrapper.application; includeInIndex = 0; path = Parstagram.app; sourceTree = BUILT_PRODUCTS_DIR; };
		F8A80B9725EF1635007F8957 /* AppDelegate.swift */ = {isa = PBXFileReference; lastKnownFileType = sourcecode.swift; path = AppDelegate.swift; sourceTree = "<group>"; };
		F8A80B9925EF1635007F8957 /* SceneDelegate.swift */ = {isa = PBXFileReference; lastKnownFileType = sourcecode.swift; path = SceneDelegate.swift; sourceTree = "<group>"; };
		F8A80B9B25EF1635007F8957 /* ViewController.swift */ = {isa = PBXFileReference; lastKnownFileType = sourcecode.swift; path = ViewController.swift; sourceTree = "<group>"; };
		F8A80B9E25EF1635007F8957 /* Base */ = {isa = PBXFileReference; lastKnownFileType = file.storyboard; name = Base; path = Base.lproj/Main.storyboard; sourceTree = "<group>"; };
		F8A80BA025EF1639007F8957 /* Assets.xcassets */ = {isa = PBXFileReference; lastKnownFileType = folder.assetcatalog; path = Assets.xcassets; sourceTree = "<group>"; };
		F8A80BA325EF1639007F8957 /* Base */ = {isa = PBXFileReference; lastKnownFileType = file.storyboard; name = Base; path = Base.lproj/LaunchScreen.storyboard; sourceTree = "<group>"; };
		F8A80BA525EF1639007F8957 /* Info.plist */ = {isa = PBXFileReference; lastKnownFileType = text.plist.xml; path = Info.plist; sourceTree = "<group>"; };
		F8A80BAA25EF163A007F8957 /* ParstagramTests.xctest */ = {isa = PBXFileReference; explicitFileType = wrapper.cfbundle; includeInIndex = 0; path = ParstagramTests.xctest; sourceTree = BUILT_PRODUCTS_DIR; };
		F8A80BAE25EF163A007F8957 /* ParstagramTests.swift */ = {isa = PBXFileReference; lastKnownFileType = sourcecode.swift; path = ParstagramTests.swift; sourceTree = "<group>"; };
		F8A80BB025EF163A007F8957 /* Info.plist */ = {isa = PBXFileReference; lastKnownFileType = text.plist.xml; path = Info.plist; sourceTree = "<group>"; };
		F8A80BB525EF163A007F8957 /* ParstagramUITests.xctest */ = {isa = PBXFileReference; explicitFileType = wrapper.cfbundle; includeInIndex = 0; path = ParstagramUITests.xctest; sourceTree = BUILT_PRODUCTS_DIR; };
		F8A80BB925EF163A007F8957 /* ParstagramUITests.swift */ = {isa = PBXFileReference; lastKnownFileType = sourcecode.swift; path = ParstagramUITests.swift; sourceTree = "<group>"; };
		F8A80BBB25EF163A007F8957 /* Info.plist */ = {isa = PBXFileReference; lastKnownFileType = text.plist.xml; path = Info.plist; sourceTree = "<group>"; };
/* End PBXFileReference section */

/* Begin PBXFrameworksBuildPhase section */
		F8A80B9125EF1635007F8957 /* Frameworks */ = {
			isa = PBXFrameworksBuildPhase;
			buildActionMask = 2147483647;
			files = (
			);
			runOnlyForDeploymentPostprocessing = 0;
		};
		F8A80BA725EF163A007F8957 /* Frameworks */ = {
			isa = PBXFrameworksBuildPhase;
			buildActionMask = 2147483647;
			files = (
			);
			runOnlyForDeploymentPostprocessing = 0;
		};
		F8A80BB225EF163A007F8957 /* Frameworks */ = {
			isa = PBXFrameworksBuildPhase;
			buildActionMask = 2147483647;
			files = (
			);
			runOnlyForDeploymentPostprocessing = 0;
		};
/* End PBXFrameworksBuildPhase section */

/* Begin PBXGroup section */
		F8A80B8B25EF1635007F8957 = {
			isa = PBXGroup;
			children = (
				F8A80B9625EF1635007F8957 /* Parstagram */,
				F8A80BAD25EF163A007F8957 /* ParstagramTests */,
				F8A80BB825EF163A007F8957 /* ParstagramUITests */,
				F8A80B9525EF1635007F8957 /* Products */,
			);
			sourceTree = "<group>";
		};
		F8A80B9525EF1635007F8957 /* Products */ = {
			isa = PBXGroup;
			children = (
				F8A80B9425EF1635007F8957 /* Parstagram.app */,
				F8A80BAA25EF163A007F8957 /* ParstagramTests.xctest */,
				F8A80BB525EF163A007F8957 /* ParstagramUITests.xctest */,
			);
			name = Products;
			sourceTree = "<group>";
		};
		F8A80B9625EF1635007F8957 /* Parstagram */ = {
			isa = PBXGroup;
			children = (
				F8A80B9725EF1635007F8957 /* AppDelegate.swift */,
				F8A80B9925EF1635007F8957 /* SceneDelegate.swift */,
				F8A80B9B25EF1635007F8957 /* ViewController.swift */,
				F8A80B9D25EF1635007F8957 /* Main.storyboard */,
				F8A80BA025EF1639007F8957 /* Assets.xcassets */,
				F8A80BA225EF1639007F8957 /* LaunchScreen.storyboard */,
				F8A80BA525EF1639007F8957 /* Info.plist */,
			);
			path = Parstagram;
			sourceTree = "<group>";
		};
		F8A80BAD25EF163A007F8957 /* ParstagramTests */ = {
			isa = PBXGroup;
			children = (
				F8A80BAE25EF163A007F8957 /* ParstagramTests.swift */,
				F8A80BB025EF163A007F8957 /* Info.plist */,
			);
			path = ParstagramTests;
			sourceTree = "<group>";
		};
		F8A80BB825EF163A007F8957 /* ParstagramUITests */ = {
			isa = PBXGroup;
			children = (
				F8A80BB925EF163A007F8957 /* ParstagramUITests.swift */,
				F8A80BBB25EF163A007F8957 /* Info.plist */,
			);
			path = ParstagramUITests;
			sourceTree = "<group>";
		};
/* End PBXGroup section */

/* Begin PBXNativeTarget section */
		F8A80B9325EF1635007F8957 /* Parstagram */ = {
			isa = PBXNativeTarget;
			buildConfigurationList = F8A80BBE25EF163A007F8957 /* Build configuration list for PBXNativeTarget "Parstagram" */;
			buildPhases = (
				F8A80B9025EF1635007F8957 /* Sources */,
				F8A80B9125EF1635007F8957 /* Frameworks */,
				F8A80B9225EF1635007F8957 /* Resources */,
			);
			buildRules = (
			);
			dependencies = (
			);
			name = Parstagram;
			productName = Parstagram;
			productReference = F8A80B9425EF1635007F8957 /* Parstagram.app */;
			productType = "com.apple.product-type.application";
		};
		F8A80BA925EF163A007F8957 /* ParstagramTests */ = {
			isa = PBXNativeTarget;
			buildConfigurationList = F8A80BC125EF163A007F8957 /* Build configuration list for PBXNativeTarget "ParstagramTests" */;
			buildPhases = (
				F8A80BA625EF163A007F8957 /* Sources */,
				F8A80BA725EF163A007F8957 /* Frameworks */,
				F8A80BA825EF163A007F8957 /* Resources */,
			);
			buildRules = (
			);
			dependencies = (
				F8A80BAC25EF163A007F8957 /* PBXTargetDependency */,
			);
			name = ParstagramTests;
			productName = ParstagramTests;
			productReference = F8A80BAA25EF163A007F8957 /* ParstagramTests.xctest */;
			productType = "com.apple.product-type.bundle.unit-test";
		};
		F8A80BB425EF163A007F8957 /* ParstagramUITests */ = {
			isa = PBXNativeTarget;
			buildConfigurationList = F8A80BC425EF163A007F8957 /* Build configuration list for PBXNativeTarget "ParstagramUITests" */;
			buildPhases = (
				F8A80BB125EF163A007F8957 /* Sources */,
				F8A80BB225EF163A007F8957 /* Frameworks */,
				F8A80BB325EF163A007F8957 /* Resources */,
			);
			buildRules = (
			);
			dependencies = (
				F8A80BB725EF163A007F8957 /* PBXTargetDependency */,
			);
			name = ParstagramUITests;
			productName = ParstagramUITests;
			productReference = F8A80BB525EF163A007F8957 /* ParstagramUITests.xctest */;
			productType = "com.apple.product-type.bundle.ui-testing";
		};
/* End PBXNativeTarget section */

/* Begin PBXProject section */
		F8A80B8C25EF1635007F8957 /* Project object */ = {
			isa = PBXProject;
			attributes = {
				LastSwiftUpdateCheck = 1230;
				LastUpgradeCheck = 1230;
				TargetAttributes = {
					F8A80B9325EF1635007F8957 = {
						CreatedOnToolsVersion = 12.3;
					};
					F8A80BA925EF163A007F8957 = {
						CreatedOnToolsVersion = 12.3;
						TestTargetID = F8A80B9325EF1635007F8957;
					};
					F8A80BB425EF163A007F8957 = {
						CreatedOnToolsVersion = 12.3;
						TestTargetID = F8A80B9325EF1635007F8957;
					};
				};
			};
			buildConfigurationList = F8A80B8F25EF1635007F8957 /* Build configuration list for PBXProject "Parstagram" */;
			compatibilityVersion = "Xcode 9.3";
			developmentRegion = en;
			hasScannedForEncodings = 0;
			knownRegions = (
				en,
				Base,
			);
			mainGroup = F8A80B8B25EF1635007F8957;
			productRefGroup = F8A80B9525EF1635007F8957 /* Products */;
			projectDirPath = "";
			projectRoot = "";
			targets = (
				F8A80B9325EF1635007F8957 /* Parstagram */,
				F8A80BA925EF163A007F8957 /* ParstagramTests */,
				F8A80BB425EF163A007F8957 /* ParstagramUITests */,
			);
		};
/* End PBXProject section */

/* Begin PBXResourcesBuildPhase section */
		F8A80B9225EF1635007F8957 /* Resources */ = {
			isa = PBXResourcesBuildPhase;
			buildActionMask = 2147483647;
			files = (
				F8A80BA425EF1639007F8957 /* LaunchScreen.storyboard in Resources */,
				F8A80BA125EF1639007F8957 /* Assets.xcassets in Resources */,
				F8A80B9F25EF1635007F8957 /* Main.storyboard in Resources */,
			);
			runOnlyForDeploymentPostprocessing = 0;
		};
		F8A80BA825EF163A007F8957 /* Resources */ = {
			isa = PBXResourcesBuildPhase;
			buildActionMask = 2147483647;
			files = (
			);
			runOnlyForDeploymentPostprocessing = 0;
		};
		F8A80BB325EF163A007F8957 /* Resources */ = {
			isa = PBXResourcesBuildPhase;
			buildActionMask = 2147483647;
			files = (
			);
			runOnlyForDeploymentPostprocessing = 0;
		};
/* End PBXResourcesBuildPhase section */

/* Begin PBXSourcesBuildPhase section */
		F8A80B9025EF1635007F8957 /* Sources */ = {
			isa = PBXSourcesBuildPhase;
			buildActionMask = 2147483647;
			files = (
				F8A80B9C25EF1635007F8957 /* ViewController.swift in Sources */,
				F8A80B9825EF1635007F8957 /* AppDelegate.swift in Sources */,
				F8A80B9A25EF1635007F8957 /* SceneDelegate.swift in Sources */,
			);
			runOnlyForDeploymentPostprocessing = 0;
		};
		F8A80BA625EF163A007F8957 /* Sources */ = {
			isa = PBXSourcesBuildPhase;
			buildActionMask = 2147483647;
			files = (
				F8A80BAF25EF163A007F8957 /* ParstagramTests.swift in Sources */,
			);
			runOnlyForDeploymentPostprocessing = 0;
		};
		F8A80BB125EF163A007F8957 /* Sources */ = {
			isa = PBXSourcesBuildPhase;
			buildActionMask = 2147483647;
			files = (
				F8A80BBA25EF163A007F8957 /* ParstagramUITests.swift in Sources */,
			);
			runOnlyForDeploymentPostprocessing = 0;
		};
/* End PBXSourcesBuildPhase section */

/* Begin PBXTargetDependency section */
		F8A80BAC25EF163A007F8957 /* PBXTargetDependency */ = {
			isa = PBXTargetDependency;
			target = F8A80B9325EF1635007F8957 /* Parstagram */;
			targetProxy = F8A80BAB25EF163A007F8957 /* PBXContainerItemProxy */;
		};
		F8A80BB725EF163A007F8957 /* PBXTargetDependency */ = {
			isa = PBXTargetDependency;
			target = F8A80B9325EF1635007F8957 /* Parstagram */;
			targetProxy = F8A80BB625EF163A007F8957 /* PBXContainerItemProxy */;
		};
/* End PBXTargetDependency section */

/* Begin PBXVariantGroup section */
		F8A80B9D25EF1635007F8957 /* Main.storyboard */ = {
			isa = PBXVariantGroup;
			children = (
				F8A80B9E25EF1635007F8957 /* Base */,
			);
			name = Main.storyboard;
			sourceTree = "<group>";
		};
		F8A80BA225EF1639007F8957 /* LaunchScreen.storyboard */ = {
			isa = PBXVariantGroup;
			children = (
				F8A80BA325EF1639007F8957 /* Base */,
			);
			name = LaunchScreen.storyboard;
			sourceTree = "<group>";
		};
/* End PBXVariantGroup section */

/* Begin XCBuildConfiguration section */
		F8A80BBC25EF163A007F8957 /* Debug */ = {
			isa = XCBuildConfiguration;
			buildSettings = {
				ALWAYS_SEARCH_USER_PATHS = NO;
				CLANG_ANALYZER_NONNULL = YES;
				CLANG_ANALYZER_NUMBER_OBJECT_CONVERSION = YES_AGGRESSIVE;
				CLANG_CXX_LANGUAGE_STANDARD = "gnu++14";
				CLANG_CXX_LIBRARY = "libc++";
				CLANG_ENABLE_MODULES = YES;
				CLANG_ENABLE_OBJC_ARC = YES;
				CLANG_ENABLE_OBJC_WEAK = YES;
				CLANG_WARN_BLOCK_CAPTURE_AUTORELEASING = YES;
				CLANG_WARN_BOOL_CONVERSION = YES;
				CLANG_WARN_COMMA = YES;
				CLANG_WARN_CONSTANT_CONVERSION = YES;
				CLANG_WARN_DEPRECATED_OBJC_IMPLEMENTATIONS = YES;
				CLANG_WARN_DIRECT_OBJC_ISA_USAGE = YES_ERROR;
				CLANG_WARN_DOCUMENTATION_COMMENTS = YES;
				CLANG_WARN_EMPTY_BODY = YES;
				CLANG_WARN_ENUM_CONVERSION = YES;
				CLANG_WARN_INFINITE_RECURSION = YES;
				CLANG_WARN_INT_CONVERSION = YES;
				CLANG_WARN_NON_LITERAL_NULL_CONVERSION = YES;
				CLANG_WARN_OBJC_IMPLICIT_RETAIN_SELF = YES;
				CLANG_WARN_OBJC_LITERAL_CONVERSION = YES;
				CLANG_WARN_OBJC_ROOT_CLASS = YES_ERROR;
				CLANG_WARN_QUOTED_INCLUDE_IN_FRAMEWORK_HEADER = YES;
				CLANG_WARN_RANGE_LOOP_ANALYSIS = YES;
				CLANG_WARN_STRICT_PROTOTYPES = YES;
				CLANG_WARN_SUSPICIOUS_MOVE = YES;
				CLANG_WARN_UNGUARDED_AVAILABILITY = YES_AGGRESSIVE;
				CLANG_WARN_UNREACHABLE_CODE = YES;
				CLANG_WARN__DUPLICATE_METHOD_MATCH = YES;
				COPY_PHASE_STRIP = NO;
				DEBUG_INFORMATION_FORMAT = dwarf;
				ENABLE_STRICT_OBJC_MSGSEND = YES;
				ENABLE_TESTABILITY = YES;
				GCC_C_LANGUAGE_STANDARD = gnu11;
				GCC_DYNAMIC_NO_PIC = NO;
				GCC_NO_COMMON_BLOCKS = YES;
				GCC_OPTIMIZATION_LEVEL = 0;
				GCC_PREPROCESSOR_DEFINITIONS = (
					"DEBUG=1",
					"$(inherited)",
				);
				GCC_WARN_64_TO_32_BIT_CONVERSION = YES;
				GCC_WARN_ABOUT_RETURN_TYPE = YES_ERROR;
				GCC_WARN_UNDECLARED_SELECTOR = YES;
				GCC_WARN_UNINITIALIZED_AUTOS = YES_AGGRESSIVE;
				GCC_WARN_UNUSED_FUNCTION = YES;
				GCC_WARN_UNUSED_VARIABLE = YES;
				IPHONEOS_DEPLOYMENT_TARGET = 14.3;
				MTL_ENABLE_DEBUG_INFO = INCLUDE_SOURCE;
				MTL_FAST_MATH = YES;
				ONLY_ACTIVE_ARCH = YES;
				SDKROOT = iphoneos;
				SWIFT_ACTIVE_COMPILATION_CONDITIONS = DEBUG;
				SWIFT_OPTIMIZATION_LEVEL = "-Onone";
			};
			name = Debug;
		};
		F8A80BBD25EF163A007F8957 /* Release */ = {
			isa = XCBuildConfiguration;
			buildSettings = {
				ALWAYS_SEARCH_USER_PATHS = NO;
				CLANG_ANALYZER_NONNULL = YES;
				CLANG_ANALYZER_NUMBER_OBJECT_CONVERSION = YES_AGGRESSIVE;
				CLANG_CXX_LANGUAGE_STANDARD = "gnu++14";
				CLANG_CXX_LIBRARY = "libc++";
				CLANG_ENABLE_MODULES = YES;
				CLANG_ENABLE_OBJC_ARC = YES;
				CLANG_ENABLE_OBJC_WEAK = YES;
				CLANG_WARN_BLOCK_CAPTURE_AUTORELEASING = YES;
				CLANG_WARN_BOOL_CONVERSION = YES;
				CLANG_WARN_COMMA = YES;
				CLANG_WARN_CONSTANT_CONVERSION = YES;
				CLANG_WARN_DEPRECATED_OBJC_IMPLEMENTATIONS = YES;
				CLANG_WARN_DIRECT_OBJC_ISA_USAGE = YES_ERROR;
				CLANG_WARN_DOCUMENTATION_COMMENTS = YES;
				CLANG_WARN_EMPTY_BODY = YES;
				CLANG_WARN_ENUM_CONVERSION = YES;
				CLANG_WARN_INFINITE_RECURSION = YES;
				CLANG_WARN_INT_CONVERSION = YES;
				CLANG_WARN_NON_LITERAL_NULL_CONVERSION = YES;
				CLANG_WARN_OBJC_IMPLICIT_RETAIN_SELF = YES;
				CLANG_WARN_OBJC_LITERAL_CONVERSION = YES;
				CLANG_WARN_OBJC_ROOT_CLASS = YES_ERROR;
				CLANG_WARN_QUOTED_INCLUDE_IN_FRAMEWORK_HEADER = YES;
				CLANG_WARN_RANGE_LOOP_ANALYSIS = YES;
				CLANG_WARN_STRICT_PROTOTYPES = YES;
				CLANG_WARN_SUSPICIOUS_MOVE = YES;
				CLANG_WARN_UNGUARDED_AVAILABILITY = YES_AGGRESSIVE;
				CLANG_WARN_UNREACHABLE_CODE = YES;
				CLANG_WARN__DUPLICATE_METHOD_MATCH = YES;
				COPY_PHASE_STRIP = NO;
				DEBUG_INFORMATION_FORMAT = "dwarf-with-dsym";
				ENABLE_NS_ASSERTIONS = NO;
				ENABLE_STRICT_OBJC_MSGSEND = YES;
				GCC_C_LANGUAGE_STANDARD = gnu11;
				GCC_NO_COMMON_BLOCKS = YES;
				GCC_WARN_64_TO_32_BIT_CONVERSION = YES;
				GCC_WARN_ABOUT_RETURN_TYPE = YES_ERROR;
				GCC_WARN_UNDECLARED_SELECTOR = YES;
				GCC_WARN_UNINITIALIZED_AUTOS = YES_AGGRESSIVE;
				GCC_WARN_UNUSED_FUNCTION = YES;
				GCC_WARN_UNUSED_VARIABLE = YES;
				IPHONEOS_DEPLOYMENT_TARGET = 14.3;
				MTL_ENABLE_DEBUG_INFO = NO;
				MTL_FAST_MATH = YES;
				SDKROOT = iphoneos;
				SWIFT_COMPILATION_MODE = wholemodule;
				SWIFT_OPTIMIZATION_LEVEL = "-O";
				VALIDATE_PRODUCT = YES;
			};
			name = Release;
		};
		F8A80BBF25EF163A007F8957 /* Debug */ = {
			isa = XCBuildConfiguration;
			buildSettings = {
				ASSETCATALOG_COMPILER_APPICON_NAME = AppIcon;
				ASSETCATALOG_COMPILER_GLOBAL_ACCENT_COLOR_NAME = AccentColor;
				CODE_SIGN_STYLE = Automatic;
				INFOPLIST_FILE = Parstagram/Info.plist;
				LD_RUNPATH_SEARCH_PATHS = (
					"$(inherited)",
					"@executable_path/Frameworks",
				);
				PRODUCT_BUNDLE_IDENTIFIER = com.kevin.Parstagram;
				PRODUCT_NAME = "$(TARGET_NAME)";
				SWIFT_VERSION = 5.0;
				TARGETED_DEVICE_FAMILY = "1,2";
			};
			name = Debug;
		};
		F8A80BC025EF163A007F8957 /* Release */ = {
			isa = XCBuildConfiguration;
			buildSettings = {
				ASSETCATALOG_COMPILER_APPICON_NAME = AppIcon;
				ASSETCATALOG_COMPILER_GLOBAL_ACCENT_COLOR_NAME = AccentColor;
				CODE_SIGN_STYLE = Automatic;
				INFOPLIST_FILE = Parstagram/Info.plist;
				LD_RUNPATH_SEARCH_PATHS = (
					"$(inherited)",
					"@executable_path/Frameworks",
				);
				PRODUCT_BUNDLE_IDENTIFIER = com.kevin.Parstagram;
				PRODUCT_NAME = "$(TARGET_NAME)";
				SWIFT_VERSION = 5.0;
				TARGETED_DEVICE_FAMILY = "1,2";
			};
			name = Release;
		};
		F8A80BC225EF163A007F8957 /* Debug */ = {
			isa = XCBuildConfiguration;
			buildSettings = {
				ALWAYS_EMBED_SWIFT_STANDARD_LIBRARIES = YES;
				BUNDLE_LOADER = "$(TEST_HOST)";
				CODE_SIGN_STYLE = Automatic;
				INFOPLIST_FILE = ParstagramTests/Info.plist;
				IPHONEOS_DEPLOYMENT_TARGET = 14.3;
				LD_RUNPATH_SEARCH_PATHS = (
					"$(inherited)",
					"@executable_path/Frameworks",
					"@loader_path/Frameworks",
				);
				PRODUCT_BUNDLE_IDENTIFIER = com.kevin.ParstagramTests;
				PRODUCT_NAME = "$(TARGET_NAME)";
				SWIFT_VERSION = 5.0;
				TARGETED_DEVICE_FAMILY = "1,2";
				TEST_HOST = "$(BUILT_PRODUCTS_DIR)/Parstagram.app/Parstagram";
			};
			name = Debug;
		};
		F8A80BC325EF163A007F8957 /* Release */ = {
			isa = XCBuildConfiguration;
			buildSettings = {
				ALWAYS_EMBED_SWIFT_STANDARD_LIBRARIES = YES;
				BUNDLE_LOADER = "$(TEST_HOST)";
				CODE_SIGN_STYLE = Automatic;
				INFOPLIST_FILE = ParstagramTests/Info.plist;
				IPHONEOS_DEPLOYMENT_TARGET = 14.3;
				LD_RUNPATH_SEARCH_PATHS = (
					"$(inherited)",
					"@executable_path/Frameworks",
					"@loader_path/Frameworks",
				);
				PRODUCT_BUNDLE_IDENTIFIER = com.kevin.ParstagramTests;
				PRODUCT_NAME = "$(TARGET_NAME)";
				SWIFT_VERSION = 5.0;
				TARGETED_DEVICE_FAMILY = "1,2";
				TEST_HOST = "$(BUILT_PRODUCTS_DIR)/Parstagram.app/Parstagram";
			};
			name = Release;
		};
		F8A80BC525EF163A007F8957 /* Debug */ = {
			isa = XCBuildConfiguration;
			buildSettings = {
				ALWAYS_EMBED_SWIFT_STANDARD_LIBRARIES = YES;
				CODE_SIGN_STYLE = Automatic;
				INFOPLIST_FILE = ParstagramUITests/Info.plist;
				LD_RUNPATH_SEARCH_PATHS = (
					"$(inherited)",
					"@executable_path/Frameworks",
					"@loader_path/Frameworks",
				);
				PRODUCT_BUNDLE_IDENTIFIER = com.kevin.ParstagramUITests;
				PRODUCT_NAME = "$(TARGET_NAME)";
				SWIFT_VERSION = 5.0;
				TARGETED_DEVICE_FAMILY = "1,2";
				TEST_TARGET_NAME = Parstagram;
			};
			name = Debug;
		};
		F8A80BC625EF163A007F8957 /* Release */ = {
			isa = XCBuildConfiguration;
			buildSettings = {
				ALWAYS_EMBED_SWIFT_STANDARD_LIBRARIES = YES;
				CODE_SIGN_STYLE = Automatic;
				INFOPLIST_FILE = ParstagramUITests/Info.plist;
				LD_RUNPATH_SEARCH_PATHS = (
					"$(inherited)",
					"@executable_path/Frameworks",
					"@loader_path/Frameworks",
				);
				PRODUCT_BUNDLE_IDENTIFIER = com.kevin.ParstagramUITests;
				PRODUCT_NAME = "$(TARGET_NAME)";
				SWIFT_VERSION = 5.0;
				TARGETED_DEVICE_FAMILY = "1,2";
				TEST_TARGET_NAME = Parstagram;
			};
			name = Release;
		};
/* End XCBuildConfiguration section */

/* Begin XCConfigurationList section */
		F8A80B8F25EF1635007F8957 /* Build configuration list for PBXProject "Parstagram" */ = {
			isa = XCConfigurationList;
			buildConfigurations = (
				F8A80BBC25EF163A007F8957 /* Debug */,
				F8A80BBD25EF163A007F8957 /* Release */,
			);
			defaultConfigurationIsVisible = 0;
			defaultConfigurationName = Release;
		};
		F8A80BBE25EF163A007F8957 /* Build configuration list for PBXNativeTarget "Parstagram" */ = {
			isa = XCConfigurationList;
			buildConfigurations = (
				F8A80BBF25EF163A007F8957 /* Debug */,
				F8A80BC025EF163A007F8957 /* Release */,
			);
			defaultConfigurationIsVisible = 0;
			defaultConfigurationName = Release;
		};
		F8A80BC125EF163A007F8957 /* Build configuration list for PBXNativeTarget "ParstagramTests" */ = {
			isa = XCConfigurationList;
			buildConfigurations = (
				F8A80BC225EF163A007F8957 /* Debug */,
				F8A80BC325EF163A007F8957 /* Release */,
			);
			defaultConfigurationIsVisible = 0;
			defaultConfigurationName = Release;
		};
		F8A80BC425EF163A007F8957 /* Build configuration list for PBXNativeTarget "ParstagramUITests" */ = {
			isa = XCConfigurationList;
			buildConfigurations = (
				F8A80BC525EF163A007F8957 /* Debug */,
				F8A80BC625EF163A007F8957 /* Release */,
			);
			defaultConfigurationIsVisible = 0;
			defaultConfigurationName = Release;
		};
/* End XCConfigurationList section */
	};
	rootObject = F8A80B8C25EF1635007F8957 /* Project object */;
}
