// !$*UTF8*$!
{
	archiveVersion = 1;
	classes = {
	};
	objectVersion = 51;
	objects = {

/* Begin PBXBuildFile section */
		0D3BA0E25FBB2E1213CEE42A /* Pods_Parstagram.framework in Frameworks */ = {isa = PBXBuildFile; fileRef = 22CFBA0B541CF018A9101DF0 /* Pods_Parstagram.framework */; };
		2AC9E072B8D4FE2DB1E24243 /* Pods_ParstagramTests.framework in Frameworks */ = {isa = PBXBuildFile; fileRef = B2AA469B4B9F07AD31D87F2D /* Pods_ParstagramTests.framework */; };
		B63A790AF65EE0723115D152 /* Pods_Parstagram_ParstagramUITests.framework in Frameworks */ = {isa = PBXBuildFile; fileRef = 595CA12FEC46CF8E92D0586D /* Pods_Parstagram_ParstagramUITests.framework */; };
		F82495CF25F097FD008F9E55 /* PostCell.swift in Sources */ = {isa = PBXBuildFile; fileRef = F82495CE25F097FD008F9E55 /* PostCell.swift */; };
		F86C6C2525EF1C5B0092A5C8 /* LoginViewController.swift in Sources */ = {isa = PBXBuildFile; fileRef = F86C6C2425EF1C5B0092A5C8 /* LoginViewController.swift */; };
		F86C6C2A25EF1C720092A5C8 /* FeedViewController.swift in Sources */ = {isa = PBXBuildFile; fileRef = F86C6C2925EF1C720092A5C8 /* FeedViewController.swift */; };
		F8A80B9825EF1635007F8957 /* AppDelegate.swift in Sources */ = {isa = PBXBuildFile; fileRef = F8A80B9725EF1635007F8957 /* AppDelegate.swift */; };
		F8A80B9A25EF1635007F8957 /* SceneDelegate.swift in Sources */ = {isa = PBXBuildFile; fileRef = F8A80B9925EF1635007F8957 /* SceneDelegate.swift */; };
		F8A80B9F25EF1635007F8957 /* Main.storyboard in Resources */ = {isa = PBXBuildFile; fileRef = F8A80B9D25EF1635007F8957 /* Main.storyboard */; };
		F8A80BA125EF1639007F8957 /* Assets.xcassets in Resources */ = {isa = PBXBuildFile; fileRef = F8A80BA025EF1639007F8957 /* Assets.xcassets */; };
		F8A80BA425EF1639007F8957 /* LaunchScreen.storyboard in Resources */ = {isa = PBXBuildFile; fileRef = F8A80BA225EF1639007F8957 /* LaunchScreen.storyboard */; };
		F8A80BAF25EF163A007F8957 /* ParstagramTests.swift in Sources */ = {isa = PBXBuildFile; fileRef = F8A80BAE25EF163A007F8957 /* ParstagramTests.swift */; };
		F8A80BBA25EF163A007F8957 /* ParstagramUITests.swift in Sources */ = {isa = PBXBuildFile; fileRef = F8A80BB925EF163A007F8957 /* ParstagramUITests.swift */; };
		F8D3B53B25F088480088C743 /* CameraViewController.swift in Sources */ = {isa = PBXBuildFile; fileRef = F8D3B53A25F088480088C743 /* CameraViewController.swift */; };
/* End PBXBuildFile section */

/* Begin PBXContainerItemProxy section */
		F8A80BAB25EF163A007F8957 /* PBXContainerItemProxy */ = {
			isa = PBXContainerItemProxy;
			containerPortal = F8A80B8C25EF1635007F8957 /* Project object */;
			proxyType = 1;
			remoteGlobalIDString = F8A80B9325EF1635007F8957;
			remoteInfo = Parstagram;
		};
		F8A80BB625EF163A007F8957 /* PBXContainerItemProxy */ = {
			isa = PBXContainerItemProxy;
			containerPortal = F8A80B8C25EF1635007F8957 /* Project object */;
			proxyType = 1;
			remoteGlobalIDString = F8A80B9325EF1635007F8957;
			remoteInfo = Parstagram;
		};
/* End PBXContainerItemProxy section */

/* Begin PBXFileReference section */
		22CFBA0B541CF018A9101DF0 /* Pods_Parstagram.framework */ = {isa = PBXFileReference; explicitFileType = wrapper.framework; includeInIndex = 0; path = Pods_Parstagram.framework; sourceTree = BUILT_PRODUCTS_DIR; };
		37EEA68702DE896123C1B49C /* Pods-Parstagram.release.xcconfig */ = {isa = PBXFileReference; includeInIndex = 1; lastKnownFileType = text.xcconfig; name = "Pods-Parstagram.release.xcconfig"; path = "Target Support Files/Pods-Parstagram/Pods-Parstagram.release.xcconfig"; sourceTree = "<group>"; };
		41110999B8C3FB5741129F6A /* Pods-Parstagram-ParstagramUITests.release.xcconfig */ = {isa = PBXFileReference; includeInIndex = 1; lastKnownFileType = text.xcconfig; name = "Pods-Parstagram-ParstagramUITests.release.xcconfig"; path = "Target Support Files/Pods-Parstagram-ParstagramUITests/Pods-Parstagram-ParstagramUITests.release.xcconfig"; sourceTree = "<group>"; };
		5334222987CDA34021CD05E2 /* Pods-ParstagramTests.debug.xcconfig */ = {isa = PBXFileReference; includeInIndex = 1; lastKnownFileType = text.xcconfig; name = "Pods-ParstagramTests.debug.xcconfig"; path = "Target Support Files/Pods-ParstagramTests/Pods-ParstagramTests.debug.xcconfig"; sourceTree = "<group>"; };
		54216692FDAF2797AAC8F65B /* Pods-ParstagramTests.release.xcconfig */ = {isa = PBXFileReference; includeInIndex = 1; lastKnownFileType = text.xcconfig; name = "Pods-ParstagramTests.release.xcconfig"; path = "Target Support Files/Pods-ParstagramTests/Pods-ParstagramTests.release.xcconfig"; sourceTree = "<group>"; };
		595CA12FEC46CF8E92D0586D /* Pods_Parstagram_ParstagramUITests.framework */ = {isa = PBXFileReference; explicitFileType = wrapper.framework; includeInIndex = 0; path = Pods_Parstagram_ParstagramUITests.framework; sourceTree = BUILT_PRODUCTS_DIR; };
		B2AA469B4B9F07AD31D87F2D /* Pods_ParstagramTests.framework */ = {isa = PBXFileReference; explicitFileType = wrapper.framework; includeInIndex = 0; path = Pods_ParstagramTests.framework; sourceTree = BUILT_PRODUCTS_DIR; };
		C0A0803BBFA47B21747F4C65 /* Pods-Parstagram.debug.xcconfig */ = {isa = PBXFileReference; includeInIndex = 1; lastKnownFileType = text.xcconfig; name = "Pods-Parstagram.debug.xcconfig"; path = "Target Support Files/Pods-Parstagram/Pods-Parstagram.debug.xcconfig"; sourceTree = "<group>"; };
		DFC51E1FC64F230E5A99FA2C /* Pods-Parstagram-ParstagramUITests.debug.xcconfig */ = {isa = PBXFileReference; includeInIndex = 1; lastKnownFileType = text.xcconfig; name = "Pods-Parstagram-ParstagramUITests.debug.xcconfig"; path = "Target Support Files/Pods-Parstagram-ParstagramUITests/Pods-Parstagram-ParstagramUITests.debug.xcconfig"; sourceTree = "<group>"; };
		F82495CE25F097FD008F9E55 /* PostCell.swift */ = {isa = PBXFileReference; lastKnownFileType = sourcecode.swift; path = PostCell.swift; sourceTree = "<group>"; };
		F86C6C2425EF1C5B0092A5C8 /* LoginViewController.swift */ = {isa = PBXFileReference; lastKnownFileType = sourcecode.swift; path = LoginViewController.swift; sourceTree = "<group>"; };
		F86C6C2925EF1C720092A5C8 /* FeedViewController.swift */ = {isa = PBXFileReference; lastKnownFileType = sourcecode.swift; path = FeedViewController.swift; sourceTree = "<group>"; };
		F8A80B9425EF1635007F8957 /* Parstagram.app */ = {isa = PBXFileReference; explicitFileType = wrapper.application; includeInIndex = 0; path = Parstagram.app; sourceTree = BUILT_PRODUCTS_DIR; };
		F8A80B9725EF1635007F8957 /* AppDelegate.swift */ = {isa = PBXFileReference; lastKnownFileType = sourcecode.swift; path = AppDelegate.swift; sourceTree = "<group>"; };
		F8A80B9925EF1635007F8957 /* SceneDelegate.swift */ = {isa = PBXFileReference; lastKnownFileType = sourcecode.swift; path = SceneDelegate.swift; sourceTree = "<group>"; };
		F8A80B9E25EF1635007F8957 /* Base */ = {isa = PBXFileReference; lastKnownFileType = file.storyboard; name = Base; path = Base.lproj/Main.storyboard; sourceTree = "<group>"; };
		F8A80BA025EF1639007F8957 /* Assets.xcassets */ = {isa = PBXFileReference; lastKnownFileType = folder.assetcatalog; path = Assets.xcassets; sourceTree = "<group>"; };
		F8A80BA325EF1639007F8957 /* Base */ = {isa = PBXFileReference; lastKnownFileType = file.storyboard; name = Base; path = Base.lproj/LaunchScreen.storyboard; sourceTree = "<group>"; };
		F8A80BA525EF1639007F8957 /* Info.plist */ = {isa = PBXFileReference; lastKnownFileType = text.plist.xml; path = Info.plist; sourceTree = "<group>"; };
		F8A80BAA25EF163A007F8957 /* ParstagramTests.xctest */ = {isa = PBXFileReference; explicitFileType = wrapper.cfbundle; includeInIndex = 0; path = ParstagramTests.xctest; sourceTree = BUILT_PRODUCTS_DIR; };
		F8A80BAE25EF163A007F8957 /* ParstagramTests.swift */ = {isa = PBXFileReference; lastKnownFileType = sourcecode.swift; path = ParstagramTests.swift; sourceTree = "<group>"; };
		F8A80BB025EF163A007F8957 /* Info.plist */ = {isa = PBXFileReference; lastKnownFileType = text.plist.xml; path = Info.plist; sourceTree = "<group>"; };
		F8A80BB525EF163A007F8957 /* ParstagramUITests.xctest */ = {isa = PBXFileReference; explicitFileType = wrapper.cfbundle; includeInIndex = 0; path = ParstagramUITests.xctest; sourceTree = BUILT_PRODUCTS_DIR; };
		F8A80BB925EF163A007F8957 /* ParstagramUITests.swift */ = {isa = PBXFileReference; lastKnownFileType = sourcecode.swift; path = ParstagramUITests.swift; sourceTree = "<group>"; };
		F8A80BBB25EF163A007F8957 /* Info.plist */ = {isa = PBXFileReference; lastKnownFileType = text.plist.xml; path = Info.plist; sourceTree = "<group>"; };
		F8D3B53A25F088480088C743 /* CameraViewController.swift */ = {isa = PBXFileReference; lastKnownFileType = sourcecode.swift; path = CameraViewController.swift; sourceTree = "<group>"; };
/* End PBXFileReference section */

/* Begin PBXFrameworksBuildPhase section */
		F8A80B9125EF1635007F8957 /* Frameworks */ = {
			isa = PBXFrameworksBuildPhase;
			buildActionMask = 2147483647;
			files = (
				0D3BA0E25FBB2E1213CEE42A /* Pods_Parstagram.framework in Frameworks */,
			);
			runOnlyForDeploymentPostprocessing = 0;
		};
		F8A80BA725EF163A007F8957 /* Frameworks */ = {
			isa = PBXFrameworksBuildPhase;
			buildActionMask = 2147483647;
			files = (
				2AC9E072B8D4FE2DB1E24243 /* Pods_ParstagramTests.framework in Frameworks */,
			);
			runOnlyForDeploymentPostprocessing = 0;
		};
		F8A80BB225EF163A007F8957 /* Frameworks */ = {
			isa = PBXFrameworksBuildPhase;
			buildActionMask = 2147483647;
			files = (
				B63A790AF65EE0723115D152 /* Pods_Parstagram_ParstagramUITests.framework in Frameworks */,
			);
			runOnlyForDeploymentPostprocessing = 0;
		};
/* End PBXFrameworksBuildPhase section */

/* Begin PBXGroup section */
		569B60F65B7EF723F2F04567 /* Pods */ = {
			isa = PBXGroup;
			children = (
				C0A0803BBFA47B21747F4C65 /* Pods-Parstagram.debug.xcconfig */,
				37EEA68702DE896123C1B49C /* Pods-Parstagram.release.xcconfig */,
				DFC51E1FC64F230E5A99FA2C /* Pods-Parstagram-ParstagramUITests.debug.xcconfig */,
				41110999B8C3FB5741129F6A /* Pods-Parstagram-ParstagramUITests.release.xcconfig */,
				5334222987CDA34021CD05E2 /* Pods-ParstagramTests.debug.xcconfig */,
				54216692FDAF2797AAC8F65B /* Pods-ParstagramTests.release.xcconfig */,
			);
			path = Pods;
			sourceTree = "<group>";
		};
		6380704EA68211FF8BEF63C6 /* Frameworks */ = {
			isa = PBXGroup;
			children = (
				22CFBA0B541CF018A9101DF0 /* Pods_Parstagram.framework */,
				595CA12FEC46CF8E92D0586D /* Pods_Parstagram_ParstagramUITests.framework */,
				B2AA469B4B9F07AD31D87F2D /* Pods_ParstagramTests.framework */,
			);
			name = Frameworks;
			sourceTree = "<group>";
		};
		F8A80B8B25EF1635007F8957 = {
			isa = PBXGroup;
			children = (
				F8A80B9625EF1635007F8957 /* Parstagram */,
				F8A80BAD25EF163A007F8957 /* ParstagramTests */,
				F8A80BB825EF163A007F8957 /* ParstagramUITests */,
				F8A80B9525EF1635007F8957 /* Products */,
				569B60F65B7EF723F2F04567 /* Pods */,
				6380704EA68211FF8BEF63C6 /* Frameworks */,
			);
			sourceTree = "<group>";
		};
		F8A80B9525EF1635007F8957 /* Products */ = {
			isa = PBXGroup;
			children = (
				F8A80B9425EF1635007F8957 /* Parstagram.app */,
				F8A80BAA25EF163A007F8957 /* ParstagramTests.xctest */,
				F8A80BB525EF163A007F8957 /* ParstagramUITests.xctest */,
			);
			name = Products;
			sourceTree = "<group>";
		};
		F8A80B9625EF1635007F8957 /* Parstagram */ = {
			isa = PBXGroup;
			children = (
				F8A80B9725EF1635007F8957 /* AppDelegate.swift */,
				F8A80B9925EF1635007F8957 /* SceneDelegate.swift */,
				F8A80B9D25EF1635007F8957 /* Main.storyboard */,
				F8A80BA025EF1639007F8957 /* Assets.xcassets */,
				F8A80BA225EF1639007F8957 /* LaunchScreen.storyboard */,
				F8A80BA525EF1639007F8957 /* Info.plist */,
				F86C6C2425EF1C5B0092A5C8 /* LoginViewController.swift */,
				F86C6C2925EF1C720092A5C8 /* FeedViewController.swift */,
				F8D3B53A25F088480088C743 /* CameraViewController.swift */,
				F82495CE25F097FD008F9E55 /* PostCell.swift */,
			);
			path = Parstagram;
			sourceTree = "<group>";
		};
		F8A80BAD25EF163A007F8957 /* ParstagramTests */ = {
			isa = PBXGroup;
			children = (
				F8A80BAE25EF163A007F8957 /* ParstagramTests.swift */,
				F8A80BB025EF163A007F8957 /* Info.plist */,
			);
			path = ParstagramTests;
			sourceTree = "<group>";
		};
		F8A80BB825EF163A007F8957 /* ParstagramUITests */ = {
			isa = PBXGroup;
			children = (
				F8A80BB925EF163A007F8957 /* ParstagramUITests.swift */,
				F8A80BBB25EF163A007F8957 /* Info.plist */,
			);
			path = ParstagramUITests;
			sourceTree = "<group>";
		};
/* End PBXGroup section */

/* Begin PBXNativeTarget section */
		F8A80B9325EF1635007F8957 /* Parstagram */ = {
			isa = PBXNativeTarget;
			buildConfigurationList = F8A80BBE25EF163A007F8957 /* Build configuration list for PBXNativeTarget "Parstagram" */;
			buildPhases = (
				77823EBD418B76CEC35FD03C /* [CP] Check Pods Manifest.lock */,
				F8A80B9025EF1635007F8957 /* Sources */,
				F8A80B9125EF1635007F8957 /* Frameworks */,
				F8A80B9225EF1635007F8957 /* Resources */,
				84A7E229A300B9B9664295F4 /* [CP] Embed Pods Frameworks */,
			);
			buildRules = (
			);
			dependencies = (
			);
			name = Parstagram;
			productName = Parstagram;
			productReference = F8A80B9425EF1635007F8957 /* Parstagram.app */;
			productType = "com.apple.product-type.application";
		};
		F8A80BA925EF163A007F8957 /* ParstagramTests */ = {
			isa = PBXNativeTarget;
			buildConfigurationList = F8A80BC125EF163A007F8957 /* Build configuration list for PBXNativeTarget "ParstagramTests" */;
			buildPhases = (
				35305F4B2546B098B02AA421 /* [CP] Check Pods Manifest.lock */,
				F8A80BA625EF163A007F8957 /* Sources */,
				F8A80BA725EF163A007F8957 /* Frameworks */,
				F8A80BA825EF163A007F8957 /* Resources */,
			);
			buildRules = (
			);
			dependencies = (
				F8A80BAC25EF163A007F8957 /* PBXTargetDependency */,
			);
			name = ParstagramTests;
			productName = ParstagramTests;
			productReference = F8A80BAA25EF163A007F8957 /* ParstagramTests.xctest */;
			productType = "com.apple.product-type.bundle.unit-test";
		};
		F8A80BB425EF163A007F8957 /* ParstagramUITests */ = {
			isa = PBXNativeTarget;
			buildConfigurationList = F8A80BC425EF163A007F8957 /* Build configuration list for PBXNativeTarget "ParstagramUITests" */;
			buildPhases = (
				CB4F49A75D4D390147821871 /* [CP] Check Pods Manifest.lock */,
				F8A80BB125EF163A007F8957 /* Sources */,
				F8A80BB225EF163A007F8957 /* Frameworks */,
				F8A80BB325EF163A007F8957 /* Resources */,
				FE8A33D5FAC3EC24C70B46C2 /* [CP] Embed Pods Frameworks */,
			);
			buildRules = (
			);
			dependencies = (
				F8A80BB725EF163A007F8957 /* PBXTargetDependency */,
			);
			name = ParstagramUITests;
			productName = ParstagramUITests;
			productReference = F8A80BB525EF163A007F8957 /* ParstagramUITests.xctest */;
			productType = "com.apple.product-type.bundle.ui-testing";
		};
/* End PBXNativeTarget section */

/* Begin PBXProject section */
		F8A80B8C25EF1635007F8957 /* Project object */ = {
			isa = PBXProject;
			attributes = {
				LastSwiftUpdateCheck = 1230;
				LastUpgradeCheck = 1230;
				TargetAttributes = {
					F8A80B9325EF1635007F8957 = {
						CreatedOnToolsVersion = 12.3;
					};
					F8A80BA925EF163A007F8957 = {
						CreatedOnToolsVersion = 12.3;
						TestTargetID = F8A80B9325EF1635007F8957;
					};
					F8A80BB425EF163A007F8957 = {
						CreatedOnToolsVersion = 12.3;
						TestTargetID = F8A80B9325EF1635007F8957;
					};
				};
			};
			buildConfigurationList = F8A80B8F25EF1635007F8957 /* Build configuration list for PBXProject "Parstagram" */;
			compatibilityVersion = "Xcode 9.3";
			developmentRegion = en;
			hasScannedForEncodings = 0;
			knownRegions = (
				en,
				Base,
			);
			mainGroup = F8A80B8B25EF1635007F8957;
			productRefGroup = F8A80B9525EF1635007F8957 /* Products */;
			projectDirPath = "";
			projectRoot = "";
			targets = (
				F8A80B9325EF1635007F8957 /* Parstagram */,
				F8A80BA925EF163A007F8957 /* ParstagramTests */,
				F8A80BB425EF163A007F8957 /* ParstagramUITests */,
			);
		};
/* End PBXProject section */

/* Begin PBXResourcesBuildPhase section */
		F8A80B9225EF1635007F8957 /* Resources */ = {
			isa = PBXResourcesBuildPhase;
			buildActionMask = 2147483647;
			files = (
				F8A80BA425EF1639007F8957 /* LaunchScreen.storyboard in Resources */,
				F8A80BA125EF1639007F8957 /* Assets.xcassets in Resources */,
				F8A80B9F25EF1635007F8957 /* Main.storyboard in Resources */,
			);
			runOnlyForDeploymentPostprocessing = 0;
		};
		F8A80BA825EF163A007F8957 /* Resources */ = {
			isa = PBXResourcesBuildPhase;
			buildActionMask = 2147483647;
			files = (
			);
			runOnlyForDeploymentPostprocessing = 0;
		};
		F8A80BB325EF163A007F8957 /* Resources */ = {
			isa = PBXResourcesBuildPhase;
			buildActionMask = 2147483647;
			files = (
			);
			runOnlyForDeploymentPostprocessing = 0;
		};
/* End PBXResourcesBuildPhase section */

/* Begin PBXShellScriptBuildPhase section */
		35305F4B2546B098B02AA421 /* [CP] Check Pods Manifest.lock */ = {
			isa = PBXShellScriptBuildPhase;
			buildActionMask = 2147483647;
			files = (
			);
			inputFileListPaths = (
			);
			inputPaths = (
				"${PODS_PODFILE_DIR_PATH}/Podfile.lock",
				"${PODS_ROOT}/Manifest.lock",
			);
			name = "[CP] Check Pods Manifest.lock";
			outputFileListPaths = (
			);
			outputPaths = (
				"$(DERIVED_FILE_DIR)/Pods-ParstagramTests-checkManifestLockResult.txt",
			);
			runOnlyForDeploymentPostprocessing = 0;
			shellPath = /bin/sh;
			shellScript = "diff \"${PODS_PODFILE_DIR_PATH}/Podfile.lock\" \"${PODS_ROOT}/Manifest.lock\" > /dev/null\nif [ $? != 0 ] ; then\n    # print error to STDERR\n    echo \"error: The sandbox is not in sync with the Podfile.lock. Run 'pod install' or update your CocoaPods installation.\" >&2\n    exit 1\nfi\n# This output is used by Xcode 'outputs' to avoid re-running this script phase.\necho \"SUCCESS\" > \"${SCRIPT_OUTPUT_FILE_0}\"\n";
			showEnvVarsInLog = 0;
		};
		77823EBD418B76CEC35FD03C /* [CP] Check Pods Manifest.lock */ = {
			isa = PBXShellScriptBuildPhase;
			buildActionMask = 2147483647;
			files = (
			);
			inputFileListPaths = (
			);
			inputPaths = (
				"${PODS_PODFILE_DIR_PATH}/Podfile.lock",
				"${PODS_ROOT}/Manifest.lock",
			);
			name = "[CP] Check Pods Manifest.lock";
			outputFileListPaths = (
			);
			outputPaths = (
				"$(DERIVED_FILE_DIR)/Pods-Parstagram-checkManifestLockResult.txt",
			);
			runOnlyForDeploymentPostprocessing = 0;
			shellPath = /bin/sh;
			shellScript = "diff \"${PODS_PODFILE_DIR_PATH}/Podfile.lock\" \"${PODS_ROOT}/Manifest.lock\" > /dev/null\nif [ $? != 0 ] ; then\n    # print error to STDERR\n    echo \"error: The sandbox is not in sync with the Podfile.lock. Run 'pod install' or update your CocoaPods installation.\" >&2\n    exit 1\nfi\n# This output is used by Xcode 'outputs' to avoid re-running this script phase.\necho \"SUCCESS\" > \"${SCRIPT_OUTPUT_FILE_0}\"\n";
			showEnvVarsInLog = 0;
		};
		84A7E229A300B9B9664295F4 /* [CP] Embed Pods Frameworks */ = {
			isa = PBXShellScriptBuildPhase;
			buildActionMask = 2147483647;
			files = (
			);
			inputFileListPaths = (
				"${PODS_ROOT}/Target Support Files/Pods-Parstagram/Pods-Parstagram-frameworks-${CONFIGURATION}-input-files.xcfilelist",
			);
			name = "[CP] Embed Pods Frameworks";
			outputFileListPaths = (
				"${PODS_ROOT}/Target Support Files/Pods-Parstagram/Pods-Parstagram-frameworks-${CONFIGURATION}-output-files.xcfilelist",
			);
			runOnlyForDeploymentPostprocessing = 0;
			shellPath = /bin/sh;
			shellScript = "\"${PODS_ROOT}/Target Support Files/Pods-Parstagram/Pods-Parstagram-frameworks.sh\"\n";
			showEnvVarsInLog = 0;
		};
		CB4F49A75D4D390147821871 /* [CP] Check Pods Manifest.lock */ = {
			isa = PBXShellScriptBuildPhase;
			buildActionMask = 2147483647;
			files = (
			);
			inputFileListPaths = (
			);
			inputPaths = (
				"${PODS_PODFILE_DIR_PATH}/Podfile.lock",
				"${PODS_ROOT}/Manifest.lock",
			);
			name = "[CP] Check Pods Manifest.lock";
			outputFileListPaths = (
			);
			outputPaths = (
				"$(DERIVED_FILE_DIR)/Pods-Parstagram-ParstagramUITests-checkManifestLockResult.txt",
			);
			runOnlyForDeploymentPostprocessing = 0;
			shellPath = /bin/sh;
			shellScript = "diff \"${PODS_PODFILE_DIR_PATH}/Podfile.lock\" \"${PODS_ROOT}/Manifest.lock\" > /dev/null\nif [ $? != 0 ] ; then\n    # print error to STDERR\n    echo \"error: The sandbox is not in sync with the Podfile.lock. Run 'pod install' or update your CocoaPods installation.\" >&2\n    exit 1\nfi\n# This output is used by Xcode 'outputs' to avoid re-running this script phase.\necho \"SUCCESS\" > \"${SCRIPT_OUTPUT_FILE_0}\"\n";
			showEnvVarsInLog = 0;
		};
		FE8A33D5FAC3EC24C70B46C2 /* [CP] Embed Pods Frameworks */ = {
			isa = PBXShellScriptBuildPhase;
			buildActionMask = 2147483647;
			files = (
			);
			inputFileListPaths = (
				"${PODS_ROOT}/Target Support Files/Pods-Parstagram-ParstagramUITests/Pods-Parstagram-ParstagramUITests-frameworks-${CONFIGURATION}-input-files.xcfilelist",
			);
			name = "[CP] Embed Pods Frameworks";
			outputFileListPaths = (
				"${PODS_ROOT}/Target Support Files/Pods-Parstagram-ParstagramUITests/Pods-Parstagram-ParstagramUITests-frameworks-${CONFIGURATION}-output-files.xcfilelist",
			);
			runOnlyForDeploymentPostprocessing = 0;
			shellPath = /bin/sh;
			shellScript = "\"${PODS_ROOT}/Target Support Files/Pods-Parstagram-ParstagramUITests/Pods-Parstagram-ParstagramUITests-frameworks.sh\"\n";
			showEnvVarsInLog = 0;
		};
/* End PBXShellScriptBuildPhase section */

/* Begin PBXSourcesBuildPhase section */
		F8A80B9025EF1635007F8957 /* Sources */ = {
			isa = PBXSourcesBuildPhase;
			buildActionMask = 2147483647;
			files = (
				F86C6C2525EF1C5B0092A5C8 /* LoginViewController.swift in Sources */,
				F8D3B53B25F088480088C743 /* CameraViewController.swift in Sources */,
				F8A80B9825EF1635007F8957 /* AppDelegate.swift in Sources */,
				F86C6C2A25EF1C720092A5C8 /* FeedViewController.swift in Sources */,
				F8A80B9A25EF1635007F8957 /* SceneDelegate.swift in Sources */,
				F82495CF25F097FD008F9E55 /* PostCell.swift in Sources */,
			);
			runOnlyForDeploymentPostprocessing = 0;
		};
		F8A80BA625EF163A007F8957 /* Sources */ = {
			isa = PBXSourcesBuildPhase;
			buildActionMask = 2147483647;
			files = (
				F8A80BAF25EF163A007F8957 /* ParstagramTests.swift in Sources */,
			);
			runOnlyForDeploymentPostprocessing = 0;
		};
		F8A80BB125EF163A007F8957 /* Sources */ = {
			isa = PBXSourcesBuildPhase;
			buildActionMask = 2147483647;
			files = (
				F8A80BBA25EF163A007F8957 /* ParstagramUITests.swift in Sources */,
			);
			runOnlyForDeploymentPostprocessing = 0;
		};
/* End PBXSourcesBuildPhase section */

/* Begin PBXTargetDependency section */
		F8A80BAC25EF163A007F8957 /* PBXTargetDependency */ = {
			isa = PBXTargetDependency;
			target = F8A80B9325EF1635007F8957 /* Parstagram */;
			targetProxy = F8A80BAB25EF163A007F8957 /* PBXContainerItemProxy */;
		};
		F8A80BB725EF163A007F8957 /* PBXTargetDependency */ = {
			isa = PBXTargetDependency;
			target = F8A80B9325EF1635007F8957 /* Parstagram */;
			targetProxy = F8A80BB625EF163A007F8957 /* PBXContainerItemProxy */;
		};
/* End PBXTargetDependency section */

/* Begin PBXVariantGroup section */
		F8A80B9D25EF1635007F8957 /* Main.storyboard */ = {
			isa = PBXVariantGroup;
			children = (
				F8A80B9E25EF1635007F8957 /* Base */,
			);
			name = Main.storyboard;
			sourceTree = "<group>";
		};
		F8A80BA225EF1639007F8957 /* LaunchScreen.storyboard */ = {
			isa = PBXVariantGroup;
			children = (
				F8A80BA325EF1639007F8957 /* Base */,
			);
			name = LaunchScreen.storyboard;
			sourceTree = "<group>";
		};
/* End PBXVariantGroup section */

/* Begin XCBuildConfiguration section */
		F8A80BBC25EF163A007F8957 /* Debug */ = {
			isa = XCBuildConfiguration;
			buildSettings = {
				ALWAYS_SEARCH_USER_PATHS = NO;
				CLANG_ANALYZER_NONNULL = YES;
				CLANG_ANALYZER_NUMBER_OBJECT_CONVERSION = YES_AGGRESSIVE;
				CLANG_CXX_LANGUAGE_STANDARD = "gnu++14";
				CLANG_CXX_LIBRARY = "libc++";
				CLANG_ENABLE_MODULES = YES;
				CLANG_ENABLE_OBJC_ARC = YES;
				CLANG_ENABLE_OBJC_WEAK = YES;
				CLANG_WARN_BLOCK_CAPTURE_AUTORELEASING = YES;
				CLANG_WARN_BOOL_CONVERSION = YES;
				CLANG_WARN_COMMA = YES;
				CLANG_WARN_CONSTANT_CONVERSION = YES;
				CLANG_WARN_DEPRECATED_OBJC_IMPLEMENTATIONS = YES;
				CLANG_WARN_DIRECT_OBJC_ISA_USAGE = YES_ERROR;
				CLANG_WARN_DOCUMENTATION_COMMENTS = YES;
				CLANG_WARN_EMPTY_BODY = YES;
				CLANG_WARN_ENUM_CONVERSION = YES;
				CLANG_WARN_INFINITE_RECURSION = YES;
				CLANG_WARN_INT_CONVERSION = YES;
				CLANG_WARN_NON_LITERAL_NULL_CONVERSION = YES;
				CLANG_WARN_OBJC_IMPLICIT_RETAIN_SELF = YES;
				CLANG_WARN_OBJC_LITERAL_CONVERSION = YES;
				CLANG_WARN_OBJC_ROOT_CLASS = YES_ERROR;
				CLANG_WARN_QUOTED_INCLUDE_IN_FRAMEWORK_HEADER = YES;
				CLANG_WARN_RANGE_LOOP_ANALYSIS = YES;
				CLANG_WARN_STRICT_PROTOTYPES = YES;
				CLANG_WARN_SUSPICIOUS_MOVE = YES;
				CLANG_WARN_UNGUARDED_AVAILABILITY = YES_AGGRESSIVE;
				CLANG_WARN_UNREACHABLE_CODE = YES;
				CLANG_WARN__DUPLICATE_METHOD_MATCH = YES;
				COPY_PHASE_STRIP = NO;
				DEBUG_INFORMATION_FORMAT = dwarf;
				ENABLE_STRICT_OBJC_MSGSEND = YES;
				ENABLE_TESTABILITY = YES;
				GCC_C_LANGUAGE_STANDARD = gnu11;
				GCC_DYNAMIC_NO_PIC = NO;
				GCC_NO_COMMON_BLOCKS = YES;
				GCC_OPTIMIZATION_LEVEL = 0;
				GCC_PREPROCESSOR_DEFINITIONS = (
					"DEBUG=1",
					"$(inherited)",
				);
				GCC_WARN_64_TO_32_BIT_CONVERSION = YES;
				GCC_WARN_ABOUT_RETURN_TYPE = YES_ERROR;
				GCC_WARN_UNDECLARED_SELECTOR = YES;
				GCC_WARN_UNINITIALIZED_AUTOS = YES_AGGRESSIVE;
				GCC_WARN_UNUSED_FUNCTION = YES;
				GCC_WARN_UNUSED_VARIABLE = YES;
				IPHONEOS_DEPLOYMENT_TARGET = 14.3;
				MTL_ENABLE_DEBUG_INFO = INCLUDE_SOURCE;
				MTL_FAST_MATH = YES;
				ONLY_ACTIVE_ARCH = YES;
				SDKROOT = iphoneos;
				SWIFT_ACTIVE_COMPILATION_CONDITIONS = DEBUG;
				SWIFT_OPTIMIZATION_LEVEL = "-Onone";
			};
			name = Debug;
		};
		F8A80BBD25EF163A007F8957 /* Release */ = {
			isa = XCBuildConfiguration;
			buildSettings = {
				ALWAYS_SEARCH_USER_PATHS = NO;
				CLANG_ANALYZER_NONNULL = YES;
				CLANG_ANALYZER_NUMBER_OBJECT_CONVERSION = YES_AGGRESSIVE;
				CLANG_CXX_LANGUAGE_STANDARD = "gnu++14";
				CLANG_CXX_LIBRARY = "libc++";
				CLANG_ENABLE_MODULES = YES;
				CLANG_ENABLE_OBJC_ARC = YES;
				CLANG_ENABLE_OBJC_WEAK = YES;
				CLANG_WARN_BLOCK_CAPTURE_AUTORELEASING = YES;
				CLANG_WARN_BOOL_CONVERSION = YES;
				CLANG_WARN_COMMA = YES;
				CLANG_WARN_CONSTANT_CONVERSION = YES;
				CLANG_WARN_DEPRECATED_OBJC_IMPLEMENTATIONS = YES;
				CLANG_WARN_DIRECT_OBJC_ISA_USAGE = YES_ERROR;
				CLANG_WARN_DOCUMENTATION_COMMENTS = YES;
				CLANG_WARN_EMPTY_BODY = YES;
				CLANG_WARN_ENUM_CONVERSION = YES;
				CLANG_WARN_INFINITE_RECURSION = YES;
				CLANG_WARN_INT_CONVERSION = YES;
				CLANG_WARN_NON_LITERAL_NULL_CONVERSION = YES;
				CLANG_WARN_OBJC_IMPLICIT_RETAIN_SELF = YES;
				CLANG_WARN_OBJC_LITERAL_CONVERSION = YES;
				CLANG_WARN_OBJC_ROOT_CLASS = YES_ERROR;
				CLANG_WARN_QUOTED_INCLUDE_IN_FRAMEWORK_HEADER = YES;
				CLANG_WARN_RANGE_LOOP_ANALYSIS = YES;
				CLANG_WARN_STRICT_PROTOTYPES = YES;
				CLANG_WARN_SUSPICIOUS_MOVE = YES;
				CLANG_WARN_UNGUARDED_AVAILABILITY = YES_AGGRESSIVE;
				CLANG_WARN_UNREACHABLE_CODE = YES;
				CLANG_WARN__DUPLICATE_METHOD_MATCH = YES;
				COPY_PHASE_STRIP = NO;
				DEBUG_INFORMATION_FORMAT = "dwarf-with-dsym";
				ENABLE_NS_ASSERTIONS = NO;
				ENABLE_STRICT_OBJC_MSGSEND = YES;
				GCC_C_LANGUAGE_STANDARD = gnu11;
				GCC_NO_COMMON_BLOCKS = YES;
				GCC_WARN_64_TO_32_BIT_CONVERSION = YES;
				GCC_WARN_ABOUT_RETURN_TYPE = YES_ERROR;
				GCC_WARN_UNDECLARED_SELECTOR = YES;
				GCC_WARN_UNINITIALIZED_AUTOS = YES_AGGRESSIVE;
				GCC_WARN_UNUSED_FUNCTION = YES;
				GCC_WARN_UNUSED_VARIABLE = YES;
				IPHONEOS_DEPLOYMENT_TARGET = 14.3;
				MTL_ENABLE_DEBUG_INFO = NO;
				MTL_FAST_MATH = YES;
				SDKROOT = iphoneos;
				SWIFT_COMPILATION_MODE = wholemodule;
				SWIFT_OPTIMIZATION_LEVEL = "-O";
				VALIDATE_PRODUCT = YES;
			};
			name = Release;
		};
		F8A80BBF25EF163A007F8957 /* Debug */ = {
			isa = XCBuildConfiguration;
			baseConfigurationReference = C0A0803BBFA47B21747F4C65 /* Pods-Parstagram.debug.xcconfig */;
			buildSettings = {
				ASSETCATALOG_COMPILER_APPICON_NAME = AppIcon;
				ASSETCATALOG_COMPILER_GLOBAL_ACCENT_COLOR_NAME = AccentColor;
				CODE_SIGN_STYLE = Automatic;
				INFOPLIST_FILE = Parstagram/Info.plist;
				LD_RUNPATH_SEARCH_PATHS = (
					"$(inherited)",
					"@executable_path/Frameworks",
				);
				PRODUCT_BUNDLE_IDENTIFIER = com.kevin.Parstagram;
				PRODUCT_NAME = "$(TARGET_NAME)";
				SWIFT_VERSION = 5.0;
				TARGETED_DEVICE_FAMILY = "1,2";
			};
			name = Debug;
		};
		F8A80BC025EF163A007F8957 /* Release */ = {
			isa = XCBuildConfiguration;
			baseConfigurationReference = 37EEA68702DE896123C1B49C /* Pods-Parstagram.release.xcconfig */;
			buildSettings = {
				ASSETCATALOG_COMPILER_APPICON_NAME = AppIcon;
				ASSETCATALOG_COMPILER_GLOBAL_ACCENT_COLOR_NAME = AccentColor;
				CODE_SIGN_STYLE = Automatic;
				INFOPLIST_FILE = Parstagram/Info.plist;
				LD_RUNPATH_SEARCH_PATHS = (
					"$(inherited)",
					"@executable_path/Frameworks",
				);
				PRODUCT_BUNDLE_IDENTIFIER = com.kevin.Parstagram;
				PRODUCT_NAME = "$(TARGET_NAME)";
				SWIFT_VERSION = 5.0;
				TARGETED_DEVICE_FAMILY = "1,2";
			};
			name = Release;
		};
		F8A80BC225EF163A007F8957 /* Debug */ = {
			isa = XCBuildConfiguration;
			baseConfigurationReference = 5334222987CDA34021CD05E2 /* Pods-ParstagramTests.debug.xcconfig */;
			buildSettings = {
				ALWAYS_EMBED_SWIFT_STANDARD_LIBRARIES = YES;
				BUNDLE_LOADER = "$(TEST_HOST)";
				CODE_SIGN_STYLE = Automatic;
				INFOPLIST_FILE = ParstagramTests/Info.plist;
				IPHONEOS_DEPLOYMENT_TARGET = 14.3;
				LD_RUNPATH_SEARCH_PATHS = (
					"$(inherited)",
					"@executable_path/Frameworks",
					"@loader_path/Frameworks",
				);
				PRODUCT_BUNDLE_IDENTIFIER = com.kevin.ParstagramTests;
				PRODUCT_NAME = "$(TARGET_NAME)";
				SWIFT_VERSION = 5.0;
				TARGETED_DEVICE_FAMILY = "1,2";
				TEST_HOST = "$(BUILT_PRODUCTS_DIR)/Parstagram.app/Parstagram";
			};
			name = Debug;
		};
		F8A80BC325EF163A007F8957 /* Release */ = {
			isa = XCBuildConfiguration;
			baseConfigurationReference = 54216692FDAF2797AAC8F65B /* Pods-ParstagramTests.release.xcconfig */;
			buildSettings = {
				ALWAYS_EMBED_SWIFT_STANDARD_LIBRARIES = YES;
				BUNDLE_LOADER = "$(TEST_HOST)";
				CODE_SIGN_STYLE = Automatic;
				INFOPLIST_FILE = ParstagramTests/Info.plist;
				IPHONEOS_DEPLOYMENT_TARGET = 14.3;
				LD_RUNPATH_SEARCH_PATHS = (
					"$(inherited)",
					"@executable_path/Frameworks",
					"@loader_path/Frameworks",
				);
				PRODUCT_BUNDLE_IDENTIFIER = com.kevin.ParstagramTests;
				PRODUCT_NAME = "$(TARGET_NAME)";
				SWIFT_VERSION = 5.0;
				TARGETED_DEVICE_FAMILY = "1,2";
				TEST_HOST = "$(BUILT_PRODUCTS_DIR)/Parstagram.app/Parstagram";
			};
			name = Release;
		};
		F8A80BC525EF163A007F8957 /* Debug */ = {
			isa = XCBuildConfiguration;
			baseConfigurationReference = DFC51E1FC64F230E5A99FA2C /* Pods-Parstagram-ParstagramUITests.debug.xcconfig */;
			buildSettings = {
				ALWAYS_EMBED_SWIFT_STANDARD_LIBRARIES = YES;
				CODE_SIGN_STYLE = Automatic;
				INFOPLIST_FILE = ParstagramUITests/Info.plist;
				LD_RUNPATH_SEARCH_PATHS = (
					"$(inherited)",
					"@executable_path/Frameworks",
					"@loader_path/Frameworks",
				);
				PRODUCT_BUNDLE_IDENTIFIER = com.kevin.ParstagramUITests;
				PRODUCT_NAME = "$(TARGET_NAME)";
				SWIFT_VERSION = 5.0;
				TARGETED_DEVICE_FAMILY = "1,2";
				TEST_TARGET_NAME = Parstagram;
			};
			name = Debug;
		};
		F8A80BC625EF163A007F8957 /* Release */ = {
			isa = XCBuildConfiguration;
			baseConfigurationReference = 41110999B8C3FB5741129F6A /* Pods-Parstagram-ParstagramUITests.release.xcconfig */;
			buildSettings = {
				ALWAYS_EMBED_SWIFT_STANDARD_LIBRARIES = YES;
				CODE_SIGN_STYLE = Automatic;
				INFOPLIST_FILE = ParstagramUITests/Info.plist;
				LD_RUNPATH_SEARCH_PATHS = (
					"$(inherited)",
					"@executable_path/Frameworks",
					"@loader_path/Frameworks",
				);
				PRODUCT_BUNDLE_IDENTIFIER = com.kevin.ParstagramUITests;
				PRODUCT_NAME = "$(TARGET_NAME)";
				SWIFT_VERSION = 5.0;
				TARGETED_DEVICE_FAMILY = "1,2";
				TEST_TARGET_NAME = Parstagram;
			};
			name = Release;
		};
/* End XCBuildConfiguration section */

/* Begin XCConfigurationList section */
		F8A80B8F25EF1635007F8957 /* Build configuration list for PBXProject "Parstagram" */ = {
			isa = XCConfigurationList;
			buildConfigurations = (
				F8A80BBC25EF163A007F8957 /* Debug */,
				F8A80BBD25EF163A007F8957 /* Release */,
			);
			defaultConfigurationIsVisible = 0;
			defaultConfigurationName = Release;
		};
		F8A80BBE25EF163A007F8957 /* Build configuration list for PBXNativeTarget "Parstagram" */ = {
			isa = XCConfigurationList;
			buildConfigurations = (
				F8A80BBF25EF163A007F8957 /* Debug */,
				F8A80BC025EF163A007F8957 /* Release */,
			);
			defaultConfigurationIsVisible = 0;
			defaultConfigurationName = Release;
		};
		F8A80BC125EF163A007F8957 /* Build configuration list for PBXNativeTarget "ParstagramTests" */ = {
			isa = XCConfigurationList;
			buildConfigurations = (
				F8A80BC225EF163A007F8957 /* Debug */,
				F8A80BC325EF163A007F8957 /* Release */,
			);
			defaultConfigurationIsVisible = 0;
			defaultConfigurationName = Release;
		};
		F8A80BC425EF163A007F8957 /* Build configuration list for PBXNativeTarget "ParstagramUITests" */ = {
			isa = XCConfigurationList;
			buildConfigurations = (
				F8A80BC525EF163A007F8957 /* Debug */,
				F8A80BC625EF163A007F8957 /* Release */,
			);
			defaultConfigurationIsVisible = 0;
			defaultConfigurationName = Release;
		};
/* End XCConfigurationList section */
	};
	rootObject = F8A80B8C25EF1635007F8957 /* Project object */;
}
